
Microsoft Visual Studio Solution File, Format Version 12.00
# Visual Studio Version 16
VisualStudioVersion = 16.0.30011.22
MinimumVisualStudioVersion = 10.0.40219.1
Project("{8BC9CEB8-8B4A-11D0-8D11-00A0C91BC942}") = "ACM作业练习", "ACM作业练习.vcxproj", "{6C3CC615-3B63-4AE5-A09F-AA395AC49AF2}"
EndProject
Project("{8BC9CEB8-8B4A-11D0-8D11-00A0C91BC942}") = "2812", "..\2812\2812.vcxproj", "{CC3385BA-08C7-4AE5-ADA3-28CF8B34D9E7}"
EndProject
Global
	GlobalSection(SolutionConfigurationPlatforms) = preSolution
		Debug|x64 = Debug|x64
		Debug|x86 = Debug|x86
		Release|x64 = Release|x64
		Release|x86 = Release|x86
	EndGlobalSection
	GlobalSection(ProjectConfigurationPlatforms) = postSolution
		{6C3CC615-3B63-4AE5-A09F-AA395AC49AF2}.Debug|x64.ActiveCfg = Debug|x64
		{6C3CC615-3B63-4AE5-A09F-AA395AC49AF2}.Debug|x64.Build.0 = Debug|x64
		{6C3CC615-3B63-4AE5-A09F-AA395AC49AF2}.Debug|x86.ActiveCfg = Debug|Win32
		{6C3CC615-3B63-4AE5-A09F-AA395AC49AF2}.Debug|x86.Build.0 = Debug|Win32
		{6C3CC615-3B63-4AE5-A09F-AA395AC49AF2}.Release|x64.ActiveCfg = Release|x64
		{6C3CC615-3B63-4AE5-A09F-AA395AC49AF2}.Release|x64.Build.0 = Release|x64
		{6C3CC615-3B63-4AE5-A09F-AA395AC49AF2}.Release|x86.ActiveCfg = Release|Win32
		{6C3CC615-3B63-4AE5-A09F-AA395AC49AF2}.Release|x86.Build.0 = Release|Win32
		{CC3385BA-08C7-4AE5-ADA3-28CF8B34D9E7}.Debug|x64.ActiveCfg = Debug|x64
		{CC3385BA-08C7-4AE5-ADA3-28CF8B34D9E7}.Debug|x64.Build.0 = Debug|x64
		{CC3385BA-08C7-4AE5-ADA3-28CF8B34D9E7}.Debug|x86.ActiveCfg = Debug|Win32
		{CC3385BA-08C7-4AE5-ADA3-28CF8B34D9E7}.Debug|x86.Build.0 = Debug|Win32
		{CC3385BA-08C7-4AE5-ADA3-28CF8B34D9E7}.Release|x64.ActiveCfg = Release|x64
		{CC3385BA-08C7-4AE5-ADA3-28CF8B34D9E7}.Release|x64.Build.0 = Release|x64
		{CC3385BA-08C7-4AE5-ADA3-28CF8B34D9E7}.Release|x86.ActiveCfg = Release|Win32
		{CC3385BA-08C7-4AE5-ADA3-28CF8B34D9E7}.Release|x86.Build.0 = Release|Win32
	EndGlobalSection
	GlobalSection(SolutionProperties) = preSolution
		HideSolutionNode = FALSE
	EndGlobalSection
	GlobalSection(ExtensibilityGlobals) = postSolution
		SolutionGuid = {484FF3AA-971D-446E-A0E4-4D0168A783ED}
	EndGlobalSection
EndGlobal
