
Microsoft Visual Studio Solution File, Format Version 11.00
# Visual Studio 2010
Project("{8BC9CEB8-8B4A-11D0-8D11-00A0C91BC942}") = "练习1", "练习1\练习1.vcxproj", "{54D007BF-4217-4353-9446-154525EF074E}"
EndProject
Global
	GlobalSection(SolutionConfigurationPlatforms) = preSolution
		Debug|Win32 = Debug|Win32
		Release|Win32 = Release|Win32
	EndGlobalSection
	GlobalSection(ProjectConfigurationPlatforms) = postSolution
		{54D007BF-4217-4353-9446-154525EF074E}.Debug|Win32.ActiveCfg = Debug|Win32
		{54D007BF-4217-4353-9446-154525EF074E}.Debug|Win32.Build.0 = Debug|Win32
		{54D007BF-4217-4353-9446-154525EF074E}.Release|Win32.ActiveCfg = Release|Win32
		{54D007BF-4217-4353-9446-154525EF074E}.Release|Win32.Build.0 = Release|Win32
	EndGlobalSection
	GlobalSection(SolutionProperties) = preSolution
		HideSolutionNode = FALSE
	EndGlobalSection
EndGlobal
